// !$*UTF8*$!
{
	archiveVersion = 1;
	classes = {
	};
	objectVersion = 46;
	objects = {

/* Begin PBXBuildFile section */
		CE53F056137A206500C1A811 /* UIKit.framework in Frameworks */ = {isa = PBXBuildFile; fileRef = CE53F055137A206500C1A811 /* UIKit.framework */; };
		CE53F058137A206500C1A811 /* Foundation.framework in Frameworks */ = {isa = PBXBuildFile; fileRef = CE53F057137A206500C1A811 /* Foundation.framework */; };
		CE53F05A137A206500C1A811 /* CoreGraphics.framework in Frameworks */ = {isa = PBXBuildFile; fileRef = CE53F059137A206500C1A811 /* CoreGraphics.framework */; };
		CE53F05C137A206500C1A811 /* CoreData.framework in Frameworks */ = {isa = PBXBuildFile; fileRef = CE53F05B137A206500C1A811 /* CoreData.framework */; };
		CE53F062137A206500C1A811 /* InfoPlist.strings in Resources */ = {isa = PBXBuildFile; fileRef = CE53F060137A206500C1A811 /* InfoPlist.strings */; };
		CE53F065137A206500C1A811 /* main.m in Sources */ = {isa = PBXBuildFile; fileRef = CE53F064137A206500C1A811 /* main.m */; };
		CE53F068137A206500C1A811 /* SimpleAppDelegate.m in Sources */ = {isa = PBXBuildFile; fileRef = CE53F067137A206500C1A811 /* SimpleAppDelegate.m */; };
		CE53F06B137A206500C1A811 /* MainWindow.xib in Resources */ = {isa = PBXBuildFile; fileRef = CE53F069137A206500C1A811 /* MainWindow.xib */; };
		CE53F06E137A206500C1A811 /* Simple.xcdatamodeld in Sources */ = {isa = PBXBuildFile; fileRef = CE53F06C137A206500C1A811 /* Simple.xcdatamodeld */; };
		CE53F0A9137A20DF00C1A811 /* ASIAuthenticationDialog.m in Sources */ = {isa = PBXBuildFile; fileRef = CE53F086137A20DF00C1A811 /* ASIAuthenticationDialog.m */; };
		CE53F0AA137A20DF00C1A811 /* ASIDataCompressor.m in Sources */ = {isa = PBXBuildFile; fileRef = CE53F089137A20DF00C1A811 /* ASIDataCompressor.m */; };
		CE53F0AB137A20DF00C1A811 /* ASIDataDecompressor.m in Sources */ = {isa = PBXBuildFile; fileRef = CE53F08B137A20DF00C1A811 /* ASIDataDecompressor.m */; };
		CE53F0AC137A20DF00C1A811 /* ASIDownloadCache.m in Sources */ = {isa = PBXBuildFile; fileRef = CE53F08D137A20DF00C1A811 /* ASIDownloadCache.m */; };
		CE53F0AD137A20DF00C1A811 /* ASIFormDataRequest.m in Sources */ = {isa = PBXBuildFile; fileRef = CE53F08F137A20DF00C1A811 /* ASIFormDataRequest.m */; };
		CE53F0AE137A20DF00C1A811 /* ASIHTTPRequest.m in Sources */ = {isa = PBXBuildFile; fileRef = CE53F091137A20DF00C1A811 /* ASIHTTPRequest.m */; };
		CE53F0AF137A20DF00C1A811 /* ASIInputStream.m in Sources */ = {isa = PBXBuildFile; fileRef = CE53F095137A20DF00C1A811 /* ASIInputStream.m */; };
		CE53F0B0137A20DF00C1A811 /* ASINetworkQueue.m in Sources */ = {isa = PBXBuildFile; fileRef = CE53F097137A20DF00C1A811 /* ASINetworkQueue.m */; };
		CE53F0B1137A20DF00C1A811 /* Reachability.m in Sources */ = {isa = PBXBuildFile; fileRef = CE53F09A137A20DF00C1A811 /* Reachability.m */; };
		CE53F0B2137A20DF00C1A811 /* NSObject+SBJSON.m in Sources */ = {isa = PBXBuildFile; fileRef = CE53F09E137A20DF00C1A811 /* NSObject+SBJSON.m */; };
		CE53F0B3137A20DF00C1A811 /* NSString+SBJSON.m in Sources */ = {isa = PBXBuildFile; fileRef = CE53F0A0137A20DF00C1A811 /* NSString+SBJSON.m */; };
		CE53F0B4137A20DF00C1A811 /* SBJSON.m in Sources */ = {isa = PBXBuildFile; fileRef = CE53F0A2137A20DF00C1A811 /* SBJSON.m */; };
		CE53F0B5137A20DF00C1A811 /* SBJsonBase.m in Sources */ = {isa = PBXBuildFile; fileRef = CE53F0A4137A20DF00C1A811 /* SBJsonBase.m */; };
		CE53F0B6137A20DF00C1A811 /* SBJsonParser.m in Sources */ = {isa = PBXBuildFile; fileRef = CE53F0A6137A20DF00C1A811 /* SBJsonParser.m */; };
		CE53F0B7137A20DF00C1A811 /* SBJsonWriter.m in Sources */ = {isa = PBXBuildFile; fileRef = CE53F0A8137A20DF00C1A811 /* SBJsonWriter.m */; };
		CE53F0B9137A215100C1A811 /* SystemConfiguration.framework in Frameworks */ = {isa = PBXBuildFile; fileRef = CE53F0B8137A215100C1A811 /* SystemConfiguration.framework */; };
		CE53F0BB137A215A00C1A811 /* CFNetwork.framework in Frameworks */ = {isa = PBXBuildFile; fileRef = CE53F0BA137A215A00C1A811 /* CFNetwork.framework */; };
		CE53F0BD137A216700C1A811 /* MobileCoreServices.framework in Frameworks */ = {isa = PBXBuildFile; fileRef = CE53F0BC137A216700C1A811 /* MobileCoreServices.framework */; };
		CE53F0BF137A217D00C1A811 /* libz.1.2.3.dylib in Frameworks */ = {isa = PBXBuildFile; fileRef = CE53F0BE137A217D00C1A811 /* libz.1.2.3.dylib */; };
		CE53F10B137A24CE00C1A811 /* 1.png in Resources */ = {isa = PBXBuildFile; fileRef = CE53F0F4137A24CE00C1A811 /* 1.png */; };
		CE53F10C137A24CE00C1A811 /* 2.png in Resources */ = {isa = PBXBuildFile; fileRef = CE53F0F5137A24CE00C1A811 /* 2.png */; };
		CE53F10D137A24CE00C1A811 /* 3.png in Resources */ = {isa = PBXBuildFile; fileRef = CE53F0F6137A24CE00C1A811 /* 3.png */; };
		CE53F10E137A24CE00C1A811 /* 4.png in Resources */ = {isa = PBXBuildFile; fileRef = CE53F0F7137A24CE00C1A811 /* 4.png */; };
		CE53F10F137A24CE00C1A811 /* 5.png in Resources */ = {isa = PBXBuildFile; fileRef = CE53F0F8137A24CE00C1A811 /* 5.png */; };
		CE53F110137A24CE00C1A811 /* a1.png in Resources */ = {isa = PBXBuildFile; fileRef = CE53F0F9137A24CE00C1A811 /* a1.png */; };
		CE53F111137A24CE00C1A811 /* a2.png in Resources */ = {isa = PBXBuildFile; fileRef = CE53F0FA137A24CE00C1A811 /* a2.png */; };
		CE53F112137A24CE00C1A811 /* a3.png in Resources */ = {isa = PBXBuildFile; fileRef = CE53F0FB137A24CE00C1A811 /* a3.png */; };
		CE53F113137A24CE00C1A811 /* a4.png in Resources */ = {isa = PBXBuildFile; fileRef = CE53F0FC137A24CE00C1A811 /* a4.png */; };
		CE53F114137A24CE00C1A811 /* a5.png in Resources */ = {isa = PBXBuildFile; fileRef = CE53F0FD137A24CE00C1A811 /* a5.png */; };
		CE53F115137A24CE00C1A811 /* a6.png in Resources */ = {isa = PBXBuildFile; fileRef = CE53F0FE137A24CE00C1A811 /* a6.png */; };
		CE53F116137A24CE00C1A811 /* a7.png in Resources */ = {isa = PBXBuildFile; fileRef = CE53F0FF137A24CE00C1A811 /* a7.png */; };
		CE53F117137A24CE00C1A811 /* background.png in Resources */ = {isa = PBXBuildFile; fileRef = CE53F100137A24CE00C1A811 /* background.png */; };
		CE53F118137A24CE00C1A811 /* chat_next_page_over.png in Resources */ = {isa = PBXBuildFile; fileRef = CE53F101137A24CE00C1A811 /* chat_next_page_over.png */; };
		CE53F119137A24CE00C1A811 /* enter.png in Resources */ = {isa = PBXBuildFile; fileRef = CE53F102137A24CE00C1A811 /* enter.png */; };
		CE53F11A137A24CE00C1A811 /* gamebg.png in Resources */ = {isa = PBXBuildFile; fileRef = CE53F103137A24CE00C1A811 /* gamebg.png */; };
		CE53F11B137A24CE00C1A811 /* hand_more.png in Resources */ = {isa = PBXBuildFile; fileRef = CE53F104137A24CE00C1A811 /* hand_more.png */; };
		CE53F11C137A24CE00C1A811 /* icon.png in Resources */ = {isa = PBXBuildFile; fileRef = CE53F105137A24CE00C1A811 /* icon.png */; };
		CE53F11D137A24CE00C1A811 /* info.png in Resources */ = {isa = PBXBuildFile; fileRef = CE53F106137A24CE00C1A811 /* info.png */; };
		CE53F11E137A24CE00C1A811 /* iphone-icon.png in Resources */ = {isa = PBXBuildFile; fileRef = CE53F107137A24CE00C1A811 /* iphone-icon.png */; };
		CE53F11F137A24CE00C1A811 /* iphone-tests-icon.png in Resources */ = {isa = PBXBuildFile; fileRef = CE53F108137A24CE00C1A811 /* iphone-tests-icon.png */; };
		CE53F120137A24CE00C1A811 /* menu_home.png in Resources */ = {isa = PBXBuildFile; fileRef = CE53F109137A24CE00C1A811 /* menu_home.png */; };
		CE53F121137A24CE00C1A811 /* narrow_select.9.png in Resources */ = {isa = PBXBuildFile; fileRef = CE53F10A137A24CE00C1A811 /* narrow_select.9.png */; };
		CE53F126137A24EA00C1A811 /* HomeRootViewController.m in Sources */ = {isa = PBXBuildFile; fileRef = CE53F124137A24EA00C1A811 /* HomeRootViewController.m */; };
		CE53F12D137A252900C1A811 /* Article.m in Sources */ = {isa = PBXBuildFile; fileRef = CE53F12A137A252900C1A811 /* Article.m */; };
		CE53F12E137A252900C1A811 /* News.m in Sources */ = {isa = PBXBuildFile; fileRef = CE53F12C137A252900C1A811 /* News.m */; };
		CE53F13F137A25AA00C1A811 /* CustomCell.m in Sources */ = {isa = PBXBuildFile; fileRef = CE53F131137A25AA00C1A811 /* CustomCell.m */; };
		CE53F140137A25AA00C1A811 /* CustomCell.xib in Resources */ = {isa = PBXBuildFile; fileRef = CE53F132137A25AA00C1A811 /* CustomCell.xib */; };
		CE53F141137A25AA00C1A811 /* EventsDetailsViewController.m in Sources */ = {isa = PBXBuildFile; fileRef = CE53F134137A25AA00C1A811 /* EventsDetailsViewController.m */; };
		CE53F142137A25AA00C1A811 /* EventsDetailsViewController.xib in Resources */ = {isa = PBXBuildFile; fileRef = CE53F135137A25AA00C1A811 /* EventsDetailsViewController.xib */; };
		CE53F143137A25AA00C1A811 /* EventsDetailViewController.m in Sources */ = {isa = PBXBuildFile; fileRef = CE53F137137A25AA00C1A811 /* EventsDetailViewController.m */; };
		CE53F144137A25AA00C1A811 /* EventsDetailViewController.xib in Resources */ = {isa = PBXBuildFile; fileRef = CE53F138137A25AA00C1A811 /* EventsDetailViewController.xib */; };
		CE53F145137A25AA00C1A811 /* EventsRootViewController.m in Sources */ = {isa = PBXBuildFile; fileRef = CE53F13A137A25AA00C1A811 /* EventsRootViewController.m */; };
		CE53F146137A25AA00C1A811 /* EventsRootViewController.xib in Resources */ = {isa = PBXBuildFile; fileRef = CE53F13B137A25AA00C1A811 /* EventsRootViewController.xib */; };
		CE53F147137A25AA00C1A811 /* MyScrollViewViewController.m in Sources */ = {isa = PBXBuildFile; fileRef = CE53F13D137A25AA00C1A811 /* MyScrollViewViewController.m */; };
		CE53F148137A25AA00C1A811 /* MyScrollViewViewController.xib in Resources */ = {isa = PBXBuildFile; fileRef = CE53F13E137A25AA00C1A811 /* MyScrollViewViewController.xib */; };
		CE53F160137A36BF00C1A811 /* CMT_iPhone_001.png in Resources */ = {isa = PBXBuildFile; fileRef = CE53F151137A36B100C1A811 /* CMT_iPhone_001.png */; };
		CE53F161137A36BF00C1A811 /* CMT_iPhone_002.png in Resources */ = {isa = PBXBuildFile; fileRef = CE53F152137A36B200C1A811 /* CMT_iPhone_002.png */; };
		CE53F162137A36BF00C1A811 /* CMT_iPhone_003.png in Resources */ = {isa = PBXBuildFile; fileRef = CE53F153137A36B300C1A811 /* CMT_iPhone_003.png */; };
		CE53F163137A36BF00C1A811 /* CMT_iPhone_004.png in Resources */ = {isa = PBXBuildFile; fileRef = CE53F154137A36B500C1A811 /* CMT_iPhone_004.png */; };
		CE53F164137A36BF00C1A811 /* CMT_iPhone_005.png in Resources */ = {isa = PBXBuildFile; fileRef = CE53F155137A36B600C1A811 /* CMT_iPhone_005.png */; };
		CE53F165137A36BF00C1A811 /* CMT_iPhone_006.png in Resources */ = {isa = PBXBuildFile; fileRef = CE53F156137A36B700C1A811 /* CMT_iPhone_006.png */; };
		CE53F166137A36BF00C1A811 /* CMT_iPhone_007.png in Resources */ = {isa = PBXBuildFile; fileRef = CE53F157137A36B800C1A811 /* CMT_iPhone_007.png */; };
		CE53F167137A36BF00C1A811 /* CMT_iPhone_008.png in Resources */ = {isa = PBXBuildFile; fileRef = CE53F158137A36BA00C1A811 /* CMT_iPhone_008.png */; };
		CE53F168137A36BF00C1A811 /* CMT_iPhone_009.png in Resources */ = {isa = PBXBuildFile; fileRef = CE53F159137A36BA00C1A811 /* CMT_iPhone_009.png */; };
		CE53F169137A36BF00C1A811 /* CMT_iPhone_010.png in Resources */ = {isa = PBXBuildFile; fileRef = CE53F15A137A36BB00C1A811 /* CMT_iPhone_010.png */; };
		CE53F16A137A36BF00C1A811 /* CMT_iPhone_011.png in Resources */ = {isa = PBXBuildFile; fileRef = CE53F15B137A36BC00C1A811 /* CMT_iPhone_011.png */; };
		CE53F16B137A36BF00C1A811 /* CMT_iPhone_012.png in Resources */ = {isa = PBXBuildFile; fileRef = CE53F15C137A36BC00C1A811 /* CMT_iPhone_012.png */; };
		CE53F16C137A36BF00C1A811 /* CMT_iPhone_013.png in Resources */ = {isa = PBXBuildFile; fileRef = CE53F15D137A36BD00C1A811 /* CMT_iPhone_013.png */; };
		CE53F16D137A36BF00C1A811 /* CMT_iPhone_014.png in Resources */ = {isa = PBXBuildFile; fileRef = CE53F15E137A36BE00C1A811 /* CMT_iPhone_014.png */; };
		CE53F16E137A36BF00C1A811 /* CMT_iPhone_015.png in Resources */ = {isa = PBXBuildFile; fileRef = CE53F15F137A36BF00C1A811 /* CMT_iPhone_015.png */; };
		CE53F173137A639600C1A811 /* HomeRootViewController.xib in Resources */ = {isa = PBXBuildFile; fileRef = CE53F172137A639600C1A811 /* HomeRootViewController.xib */; };
		CE53F17E137A640A00C1A811 /* MusicRootViewController.m in Sources */ = {isa = PBXBuildFile; fileRef = CE53F176137A640A00C1A811 /* MusicRootViewController.m */; };
		CE53F17F137A640A00C1A811 /* MusicRootViewController.xib in Resources */ = {isa = PBXBuildFile; fileRef = CE53F177137A640A00C1A811 /* MusicRootViewController.xib */; };
		CE53F180137A640A00C1A811 /* NewsCell.m in Sources */ = {isa = PBXBuildFile; fileRef = CE53F179137A640A00C1A811 /* NewsCell.m */; };
		CE53F181137A640A00C1A811 /* NewsCell.xib in Resources */ = {isa = PBXBuildFile; fileRef = CE53F17A137A640A00C1A811 /* NewsCell.xib */; };
		CE53F182137A640A00C1A811 /* NewsDetailViewController.m in Sources */ = {isa = PBXBuildFile; fileRef = CE53F17C137A640A00C1A811 /* NewsDetailViewController.m */; };
		CE53F183137A640A00C1A811 /* NewsDetailViewController.xib in Resources */ = {isa = PBXBuildFile; fileRef = CE53F17D137A640A00C1A811 /* NewsDetailViewController.xib */; };
		CE53F18E137A9AB100C1A811 /* UIHTTPImageView.m in Sources */ = {isa = PBXBuildFile; fileRef = CE53F18D137A9AAF00C1A811 /* UIHTTPImageView.m */; };
/* End PBXBuildFile section */

/* Begin PBXFileReference section */
		CE53F051137A206500C1A811 /* Simple.app */ = {isa = PBXFileReference; explicitFileType = wrapper.application; includeInIndex = 0; path = Simple.app; sourceTree = BUILT_PRODUCTS_DIR; };
		CE53F055137A206500C1A811 /* UIKit.framework */ = {isa = PBXFileReference; lastKnownFileType = wrapper.framework; name = UIKit.framework; path = System/Library/Frameworks/UIKit.framework; sourceTree = SDKROOT; };
		CE53F057137A206500C1A811 /* Foundation.framework */ = {isa = PBXFileReference; lastKnownFileType = wrapper.framework; name = Foundation.framework; path = System/Library/Frameworks/Foundation.framework; sourceTree = SDKROOT; };
		CE53F059137A206500C1A811 /* CoreGraphics.framework */ = {isa = PBXFileReference; lastKnownFileType = wrapper.framework; name = CoreGraphics.framework; path = System/Library/Frameworks/CoreGraphics.framework; sourceTree = SDKROOT; };
		CE53F05B137A206500C1A811 /* CoreData.framework */ = {isa = PBXFileReference; lastKnownFileType = wrapper.framework; name = CoreData.framework; path = System/Library/Frameworks/CoreData.framework; sourceTree = SDKROOT; };
		CE53F05F137A206500C1A811 /* Simple-Info.plist */ = {isa = PBXFileReference; lastKnownFileType = text.plist.xml; path = "Simple-Info.plist"; sourceTree = "<group>"; };
		CE53F061137A206500C1A811 /* en */ = {isa = PBXFileReference; lastKnownFileType = text.plist.strings; name = en; path = en.lproj/InfoPlist.strings; sourceTree = "<group>"; };
		CE53F063137A206500C1A811 /* Simple-Prefix.pch */ = {isa = PBXFileReference; lastKnownFileType = sourcecode.c.h; path = "Simple-Prefix.pch"; sourceTree = "<group>"; };
		CE53F064137A206500C1A811 /* main.m */ = {isa = PBXFileReference; lastKnownFileType = sourcecode.c.objc; path = main.m; sourceTree = "<group>"; };
		CE53F066137A206500C1A811 /* SimpleAppDelegate.h */ = {isa = PBXFileReference; lastKnownFileType = sourcecode.c.h; path = SimpleAppDelegate.h; sourceTree = "<group>"; };
		CE53F067137A206500C1A811 /* SimpleAppDelegate.m */ = {isa = PBXFileReference; lastKnownFileType = sourcecode.c.objc; path = SimpleAppDelegate.m; sourceTree = "<group>"; };
		CE53F06A137A206500C1A811 /* en */ = {isa = PBXFileReference; lastKnownFileType = file.xib; name = en; path = en.lproj/MainWindow.xib; sourceTree = "<group>"; };
		CE53F06D137A206500C1A811 /* Simple.xcdatamodel */ = {isa = PBXFileReference; lastKnownFileType = wrapper.xcdatamodel; path = Simple.xcdatamodel; sourceTree = "<group>"; };
		CE53F085137A20DF00C1A811 /* ASIAuthenticationDialog.h */ = {isa = PBXFileReference; fileEncoding = 4; lastKnownFileType = sourcecode.c.h; path = ASIAuthenticationDialog.h; sourceTree = "<group>"; };
		CE53F086137A20DF00C1A811 /* ASIAuthenticationDialog.m */ = {isa = PBXFileReference; fileEncoding = 4; lastKnownFileType = sourcecode.c.objc; path = ASIAuthenticationDialog.m; sourceTree = "<group>"; };
		CE53F087137A20DF00C1A811 /* ASICacheDelegate.h */ = {isa = PBXFileReference; fileEncoding = 4; lastKnownFileType = sourcecode.c.h; path = ASICacheDelegate.h; sourceTree = "<group>"; };
		CE53F088137A20DF00C1A811 /* ASIDataCompressor.h */ = {isa = PBXFileReference; fileEncoding = 4; lastKnownFileType = sourcecode.c.h; path = ASIDataCompressor.h; sourceTree = "<group>"; };
		CE53F089137A20DF00C1A811 /* ASIDataCompressor.m */ = {isa = PBXFileReference; fileEncoding = 4; lastKnownFileType = sourcecode.c.objc; path = ASIDataCompressor.m; sourceTree = "<group>"; };
		CE53F08A137A20DF00C1A811 /* ASIDataDecompressor.h */ = {isa = PBXFileReference; fileEncoding = 4; lastKnownFileType = sourcecode.c.h; path = ASIDataDecompressor.h; sourceTree = "<group>"; };
		CE53F08B137A20DF00C1A811 /* ASIDataDecompressor.m */ = {isa = PBXFileReference; fileEncoding = 4; lastKnownFileType = sourcecode.c.objc; path = ASIDataDecompressor.m; sourceTree = "<group>"; };
		CE53F08C137A20DF00C1A811 /* ASIDownloadCache.h */ = {isa = PBXFileReference; fileEncoding = 4; lastKnownFileType = sourcecode.c.h; path = ASIDownloadCache.h; sourceTree = "<group>"; };
		CE53F08D137A20DF00C1A811 /* ASIDownloadCache.m */ = {isa = PBXFileReference; fileEncoding = 4; lastKnownFileType = sourcecode.c.objc; path = ASIDownloadCache.m; sourceTree = "<group>"; };
		CE53F08E137A20DF00C1A811 /* ASIFormDataRequest.h */ = {isa = PBXFileReference; fileEncoding = 4; lastKnownFileType = sourcecode.c.h; path = ASIFormDataRequest.h; sourceTree = "<group>"; };
		CE53F08F137A20DF00C1A811 /* ASIFormDataRequest.m */ = {isa = PBXFileReference; fileEncoding = 4; lastKnownFileType = sourcecode.c.objc; path = ASIFormDataRequest.m; sourceTree = "<group>"; };
		CE53F090137A20DF00C1A811 /* ASIHTTPRequest.h */ = {isa = PBXFileReference; fileEncoding = 4; lastKnownFileType = sourcecode.c.h; path = ASIHTTPRequest.h; sourceTree = "<group>"; };
		CE53F091137A20DF00C1A811 /* ASIHTTPRequest.m */ = {isa = PBXFileReference; fileEncoding = 4; lastKnownFileType = sourcecode.c.objc; path = ASIHTTPRequest.m; sourceTree = "<group>"; };
		CE53F092137A20DF00C1A811 /* ASIHTTPRequestConfig.h */ = {isa = PBXFileReference; fileEncoding = 4; lastKnownFileType = sourcecode.c.h; path = ASIHTTPRequestConfig.h; sourceTree = "<group>"; };
		CE53F093137A20DF00C1A811 /* ASIHTTPRequestDelegate.h */ = {isa = PBXFileReference; fileEncoding = 4; lastKnownFileType = sourcecode.c.h; path = ASIHTTPRequestDelegate.h; sourceTree = "<group>"; };
		CE53F094137A20DF00C1A811 /* ASIInputStream.h */ = {isa = PBXFileReference; fileEncoding = 4; lastKnownFileType = sourcecode.c.h; path = ASIInputStream.h; sourceTree = "<group>"; };
		CE53F095137A20DF00C1A811 /* ASIInputStream.m */ = {isa = PBXFileReference; fileEncoding = 4; lastKnownFileType = sourcecode.c.objc; path = ASIInputStream.m; sourceTree = "<group>"; };
		CE53F096137A20DF00C1A811 /* ASINetworkQueue.h */ = {isa = PBXFileReference; fileEncoding = 4; lastKnownFileType = sourcecode.c.h; path = ASINetworkQueue.h; sourceTree = "<group>"; };
		CE53F097137A20DF00C1A811 /* ASINetworkQueue.m */ = {isa = PBXFileReference; fileEncoding = 4; lastKnownFileType = sourcecode.c.objc; path = ASINetworkQueue.m; sourceTree = "<group>"; };
		CE53F098137A20DF00C1A811 /* ASIProgressDelegate.h */ = {isa = PBXFileReference; fileEncoding = 4; lastKnownFileType = sourcecode.c.h; path = ASIProgressDelegate.h; sourceTree = "<group>"; };
		CE53F099137A20DF00C1A811 /* Reachability.h */ = {isa = PBXFileReference; fileEncoding = 4; lastKnownFileType = sourcecode.c.h; path = Reachability.h; sourceTree = "<group>"; };
		CE53F09A137A20DF00C1A811 /* Reachability.m */ = {isa = PBXFileReference; fileEncoding = 4; lastKnownFileType = sourcecode.c.objc; path = Reachability.m; sourceTree = "<group>"; };
		CE53F09C137A20DF00C1A811 /* JSON.h */ = {isa = PBXFileReference; fileEncoding = 4; lastKnownFileType = sourcecode.c.h; path = JSON.h; sourceTree = "<group>"; };
		CE53F09D137A20DF00C1A811 /* NSObject+SBJSON.h */ = {isa = PBXFileReference; fileEncoding = 4; lastKnownFileType = sourcecode.c.h; path = "NSObject+SBJSON.h"; sourceTree = "<group>"; };
		CE53F09E137A20DF00C1A811 /* NSObject+SBJSON.m */ = {isa = PBXFileReference; fileEncoding = 4; lastKnownFileType = sourcecode.c.objc; path = "NSObject+SBJSON.m"; sourceTree = "<group>"; };
		CE53F09F137A20DF00C1A811 /* NSString+SBJSON.h */ = {isa = PBXFileReference; fileEncoding = 4; lastKnownFileType = sourcecode.c.h; path = "NSString+SBJSON.h"; sourceTree = "<group>"; };
		CE53F0A0137A20DF00C1A811 /* NSString+SBJSON.m */ = {isa = PBXFileReference; fileEncoding = 4; lastKnownFileType = sourcecode.c.objc; path = "NSString+SBJSON.m"; sourceTree = "<group>"; };
		CE53F0A1137A20DF00C1A811 /* SBJSON.h */ = {isa = PBXFileReference; fileEncoding = 4; lastKnownFileType = sourcecode.c.h; path = SBJSON.h; sourceTree = "<group>"; };
		CE53F0A2137A20DF00C1A811 /* SBJSON.m */ = {isa = PBXFileReference; fileEncoding = 4; lastKnownFileType = sourcecode.c.objc; path = SBJSON.m; sourceTree = "<group>"; };
		CE53F0A3137A20DF00C1A811 /* SBJsonBase.h */ = {isa = PBXFileReference; fileEncoding = 4; lastKnownFileType = sourcecode.c.h; path = SBJsonBase.h; sourceTree = "<group>"; };
		CE53F0A4137A20DF00C1A811 /* SBJsonBase.m */ = {isa = PBXFileReference; fileEncoding = 4; lastKnownFileType = sourcecode.c.objc; path = SBJsonBase.m; sourceTree = "<group>"; };
		CE53F0A5137A20DF00C1A811 /* SBJsonParser.h */ = {isa = PBXFileReference; fileEncoding = 4; lastKnownFileType = sourcecode.c.h; path = SBJsonParser.h; sourceTree = "<group>"; };
		CE53F0A6137A20DF00C1A811 /* SBJsonParser.m */ = {isa = PBXFileReference; fileEncoding = 4; lastKnownFileType = sourcecode.c.objc; path = SBJsonParser.m; sourceTree = "<group>"; };
		CE53F0A7137A20DF00C1A811 /* SBJsonWriter.h */ = {isa = PBXFileReference; fileEncoding = 4; lastKnownFileType = sourcecode.c.h; path = SBJsonWriter.h; sourceTree = "<group>"; };
		CE53F0A8137A20DF00C1A811 /* SBJsonWriter.m */ = {isa = PBXFileReference; fileEncoding = 4; lastKnownFileType = sourcecode.c.objc; path = SBJsonWriter.m; sourceTree = "<group>"; };
		CE53F0B8137A215100C1A811 /* SystemConfiguration.framework */ = {isa = PBXFileReference; lastKnownFileType = wrapper.framework; name = SystemConfiguration.framework; path = System/Library/Frameworks/SystemConfiguration.framework; sourceTree = SDKROOT; };
		CE53F0BA137A215A00C1A811 /* CFNetwork.framework */ = {isa = PBXFileReference; lastKnownFileType = wrapper.framework; name = CFNetwork.framework; path = System/Library/Frameworks/CFNetwork.framework; sourceTree = SDKROOT; };
		CE53F0BC137A216700C1A811 /* MobileCoreServices.framework */ = {isa = PBXFileReference; lastKnownFileType = wrapper.framework; name = MobileCoreServices.framework; path = System/Library/Frameworks/MobileCoreServices.framework; sourceTree = SDKROOT; };
		CE53F0BE137A217D00C1A811 /* libz.1.2.3.dylib */ = {isa = PBXFileReference; lastKnownFileType = "compiled.mach-o.dylib"; name = libz.1.2.3.dylib; path = usr/lib/libz.1.2.3.dylib; sourceTree = SDKROOT; };
		CE53F0F4137A24CE00C1A811 /* 1.png */ = {isa = PBXFileReference; lastKnownFileType = image.png; path = 1.png; sourceTree = "<group>"; };
		CE53F0F5137A24CE00C1A811 /* 2.png */ = {isa = PBXFileReference; lastKnownFileType = image.png; path = 2.png; sourceTree = "<group>"; };
		CE53F0F6137A24CE00C1A811 /* 3.png */ = {isa = PBXFileReference; lastKnownFileType = image.png; path = 3.png; sourceTree = "<group>"; };
		CE53F0F7137A24CE00C1A811 /* 4.png */ = {isa = PBXFileReference; lastKnownFileType = image.png; path = 4.png; sourceTree = "<group>"; };
		CE53F0F8137A24CE00C1A811 /* 5.png */ = {isa = PBXFileReference; lastKnownFileType = image.png; path = 5.png; sourceTree = "<group>"; };
		CE53F0F9137A24CE00C1A811 /* a1.png */ = {isa = PBXFileReference; lastKnownFileType = image.png; path = a1.png; sourceTree = "<group>"; };
		CE53F0FA137A24CE00C1A811 /* a2.png */ = {isa = PBXFileReference; lastKnownFileType = image.png; path = a2.png; sourceTree = "<group>"; };
		CE53F0FB137A24CE00C1A811 /* a3.png */ = {isa = PBXFileReference; lastKnownFileType = image.png; path = a3.png; sourceTree = "<group>"; };
		CE53F0FC137A24CE00C1A811 /* a4.png */ = {isa = PBXFileReference; lastKnownFileType = image.png; path = a4.png; sourceTree = "<group>"; };
		CE53F0FD137A24CE00C1A811 /* a5.png */ = {isa = PBXFileReference; lastKnownFileType = image.png; path = a5.png; sourceTree = "<group>"; };
		CE53F0FE137A24CE00C1A811 /* a6.png */ = {isa = PBXFileReference; lastKnownFileType = image.png; path = a6.png; sourceTree = "<group>"; };
		CE53F0FF137A24CE00C1A811 /* a7.png */ = {isa = PBXFileReference; lastKnownFileType = image.png; path = a7.png; sourceTree = "<group>"; };
		CE53F100137A24CE00C1A811 /* background.png */ = {isa = PBXFileReference; lastKnownFileType = image.png; path = background.png; sourceTree = "<group>"; };
		CE53F101137A24CE00C1A811 /* chat_next_page_over.png */ = {isa = PBXFileReference; lastKnownFileType = image.png; path = chat_next_page_over.png; sourceTree = "<group>"; };
		CE53F102137A24CE00C1A811 /* enter.png */ = {isa = PBXFileReference; lastKnownFileType = image.png; path = enter.png; sourceTree = "<group>"; };
		CE53F103137A24CE00C1A811 /* gamebg.png */ = {isa = PBXFileReference; lastKnownFileType = image.png; path = gamebg.png; sourceTree = "<group>"; };
		CE53F104137A24CE00C1A811 /* hand_more.png */ = {isa = PBXFileReference; lastKnownFileType = image.png; path = hand_more.png; sourceTree = "<group>"; };
		CE53F105137A24CE00C1A811 /* icon.png */ = {isa = PBXFileReference; lastKnownFileType = image.png; path = icon.png; sourceTree = "<group>"; };
		CE53F106137A24CE00C1A811 /* info.png */ = {isa = PBXFileReference; lastKnownFileType = image.png; path = info.png; sourceTree = "<group>"; };
		CE53F107137A24CE00C1A811 /* iphone-icon.png */ = {isa = PBXFileReference; lastKnownFileType = image.png; path = "iphone-icon.png"; sourceTree = "<group>"; };
		CE53F108137A24CE00C1A811 /* iphone-tests-icon.png */ = {isa = PBXFileReference; lastKnownFileType = image.png; path = "iphone-tests-icon.png"; sourceTree = "<group>"; };
		CE53F109137A24CE00C1A811 /* menu_home.png */ = {isa = PBXFileReference; lastKnownFileType = image.png; path = menu_home.png; sourceTree = "<group>"; };
		CE53F10A137A24CE00C1A811 /* narrow_select.9.png */ = {isa = PBXFileReference; lastKnownFileType = image.png; path = narrow_select.9.png; sourceTree = "<group>"; };
		CE53F123137A24EA00C1A811 /* HomeRootViewController.h */ = {isa = PBXFileReference; fileEncoding = 4; lastKnownFileType = sourcecode.c.h; path = HomeRootViewController.h; sourceTree = "<group>"; };
		CE53F124137A24EA00C1A811 /* HomeRootViewController.m */ = {isa = PBXFileReference; fileEncoding = 4; lastKnownFileType = sourcecode.c.objc; path = HomeRootViewController.m; sourceTree = "<group>"; };
		CE53F129137A252900C1A811 /* Article.h */ = {isa = PBXFileReference; fileEncoding = 4; lastKnownFileType = sourcecode.c.h; path = Article.h; sourceTree = "<group>"; };
		CE53F12A137A252900C1A811 /* Article.m */ = {isa = PBXFileReference; fileEncoding = 4; lastKnownFileType = sourcecode.c.objc; path = Article.m; sourceTree = "<group>"; };
		CE53F12B137A252900C1A811 /* News.h */ = {isa = PBXFileReference; fileEncoding = 4; lastKnownFileType = sourcecode.c.h; path = News.h; sourceTree = "<group>"; };
		CE53F12C137A252900C1A811 /* News.m */ = {isa = PBXFileReference; fileEncoding = 4; lastKnownFileType = sourcecode.c.objc; path = News.m; sourceTree = "<group>"; };
		CE53F130137A25AA00C1A811 /* CustomCell.h */ = {isa = PBXFileReference; fileEncoding = 4; lastKnownFileType = sourcecode.c.h; path = CustomCell.h; sourceTree = "<group>"; };
		CE53F131137A25AA00C1A811 /* CustomCell.m */ = {isa = PBXFileReference; fileEncoding = 4; lastKnownFileType = sourcecode.c.objc; path = CustomCell.m; sourceTree = "<group>"; };
		CE53F132137A25AA00C1A811 /* CustomCell.xib */ = {isa = PBXFileReference; fileEncoding = 4; lastKnownFileType = file.xib; path = CustomCell.xib; sourceTree = "<group>"; };
		CE53F133137A25AA00C1A811 /* EventsDetailsViewController.h */ = {isa = PBXFileReference; fileEncoding = 4; lastKnownFileType = sourcecode.c.h; path = EventsDetailsViewController.h; sourceTree = "<group>"; };
		CE53F134137A25AA00C1A811 /* EventsDetailsViewController.m */ = {isa = PBXFileReference; fileEncoding = 4; lastKnownFileType = sourcecode.c.objc; path = EventsDetailsViewController.m; sourceTree = "<group>"; };
		CE53F135137A25AA00C1A811 /* EventsDetailsViewController.xib */ = {isa = PBXFileReference; fileEncoding = 4; lastKnownFileType = file.xib; path = EventsDetailsViewController.xib; sourceTree = "<group>"; };
		CE53F136137A25AA00C1A811 /* EventsDetailViewController.h */ = {isa = PBXFileReference; fileEncoding = 4; lastKnownFileType = sourcecode.c.h; path = EventsDetailViewController.h; sourceTree = "<group>"; };
		CE53F137137A25AA00C1A811 /* EventsDetailViewController.m */ = {isa = PBXFileReference; fileEncoding = 4; lastKnownFileType = sourcecode.c.objc; path = EventsDetailViewController.m; sourceTree = "<group>"; };
		CE53F138137A25AA00C1A811 /* EventsDetailViewController.xib */ = {isa = PBXFileReference; fileEncoding = 4; lastKnownFileType = file.xib; path = EventsDetailViewController.xib; sourceTree = "<group>"; };
		CE53F139137A25AA00C1A811 /* EventsRootViewController.h */ = {isa = PBXFileReference; fileEncoding = 4; lastKnownFileType = sourcecode.c.h; path = EventsRootViewController.h; sourceTree = "<group>"; };
		CE53F13A137A25AA00C1A811 /* EventsRootViewController.m */ = {isa = PBXFileReference; fileEncoding = 4; lastKnownFileType = sourcecode.c.objc; path = EventsRootViewController.m; sourceTree = "<group>"; };
		CE53F13B137A25AA00C1A811 /* EventsRootViewController.xib */ = {isa = PBXFileReference; fileEncoding = 4; lastKnownFileType = file.xib; path = EventsRootViewController.xib; sourceTree = "<group>"; };
		CE53F13C137A25AA00C1A811 /* MyScrollViewViewController.h */ = {isa = PBXFileReference; fileEncoding = 4; lastKnownFileType = sourcecode.c.h; path = MyScrollViewViewController.h; sourceTree = "<group>"; };
		CE53F13D137A25AA00C1A811 /* MyScrollViewViewController.m */ = {isa = PBXFileReference; fileEncoding = 4; lastKnownFileType = sourcecode.c.objc; path = MyScrollViewViewController.m; sourceTree = "<group>"; };
		CE53F13E137A25AA00C1A811 /* MyScrollViewViewController.xib */ = {isa = PBXFileReference; fileEncoding = 4; lastKnownFileType = file.xib; path = MyScrollViewViewController.xib; sourceTree = "<group>"; };
		CE53F151137A36B100C1A811 /* CMT_iPhone_001.png */ = {isa = PBXFileReference; lastKnownFileType = image.png; path = CMT_iPhone_001.png; sourceTree = "<group>"; };
		CE53F152137A36B200C1A811 /* CMT_iPhone_002.png */ = {isa = PBXFileReference; lastKnownFileType = image.png; path = CMT_iPhone_002.png; sourceTree = "<group>"; };
		CE53F153137A36B300C1A811 /* CMT_iPhone_003.png */ = {isa = PBXFileReference; lastKnownFileType = image.png; path = CMT_iPhone_003.png; sourceTree = "<group>"; };
		CE53F154137A36B500C1A811 /* CMT_iPhone_004.png */ = {isa = PBXFileReference; lastKnownFileType = image.png; path = CMT_iPhone_004.png; sourceTree = "<group>"; };
		CE53F155137A36B600C1A811 /* CMT_iPhone_005.png */ = {isa = PBXFileReference; lastKnownFileType = image.png; path = CMT_iPhone_005.png; sourceTree = "<group>"; };
		CE53F156137A36B700C1A811 /* CMT_iPhone_006.png */ = {isa = PBXFileReference; lastKnownFileType = image.png; path = CMT_iPhone_006.png; sourceTree = "<group>"; };
		CE53F157137A36B800C1A811 /* CMT_iPhone_007.png */ = {isa = PBXFileReference; lastKnownFileType = image.png; path = CMT_iPhone_007.png; sourceTree = "<group>"; };
		CE53F158137A36BA00C1A811 /* CMT_iPhone_008.png */ = {isa = PBXFileReference; lastKnownFileType = image.png; path = CMT_iPhone_008.png; sourceTree = "<group>"; };
		CE53F159137A36BA00C1A811 /* CMT_iPhone_009.png */ = {isa = PBXFileReference; lastKnownFileType = image.png; path = CMT_iPhone_009.png; sourceTree = "<group>"; };
		CE53F15A137A36BB00C1A811 /* CMT_iPhone_010.png */ = {isa = PBXFileReference; lastKnownFileType = image.png; path = CMT_iPhone_010.png; sourceTree = "<group>"; };
		CE53F15B137A36BC00C1A811 /* CMT_iPhone_011.png */ = {isa = PBXFileReference; lastKnownFileType = image.png; path = CMT_iPhone_011.png; sourceTree = "<group>"; };
		CE53F15C137A36BC00C1A811 /* CMT_iPhone_012.png */ = {isa = PBXFileReference; lastKnownFileType = image.png; path = CMT_iPhone_012.png; sourceTree = "<group>"; };
		CE53F15D137A36BD00C1A811 /* CMT_iPhone_013.png */ = {isa = PBXFileReference; lastKnownFileType = image.png; path = CMT_iPhone_013.png; sourceTree = "<group>"; };
		CE53F15E137A36BE00C1A811 /* CMT_iPhone_014.png */ = {isa = PBXFileReference; lastKnownFileType = image.png; path = CMT_iPhone_014.png; sourceTree = "<group>"; };
		CE53F15F137A36BF00C1A811 /* CMT_iPhone_015.png */ = {isa = PBXFileReference; lastKnownFileType = image.png; path = CMT_iPhone_015.png; sourceTree = "<group>"; };
		CE53F172137A639600C1A811 /* HomeRootViewController.xib */ = {isa = PBXFileReference; fileEncoding = 4; lastKnownFileType = file.xib; path = HomeRootViewController.xib; sourceTree = "<group>"; };
		CE53F175137A640A00C1A811 /* MusicRootViewController.h */ = {isa = PBXFileReference; fileEncoding = 4; lastKnownFileType = sourcecode.c.h; path = MusicRootViewController.h; sourceTree = "<group>"; };
		CE53F176137A640A00C1A811 /* MusicRootViewController.m */ = {isa = PBXFileReference; fileEncoding = 4; lastKnownFileType = sourcecode.c.objc; path = MusicRootViewController.m; sourceTree = "<group>"; };
		CE53F177137A640A00C1A811 /* MusicRootViewController.xib */ = {isa = PBXFileReference; fileEncoding = 4; lastKnownFileType = file.xib; path = MusicRootViewController.xib; sourceTree = "<group>"; };
		CE53F178137A640A00C1A811 /* NewsCell.h */ = {isa = PBXFileReference; fileEncoding = 4; lastKnownFileType = sourcecode.c.h; path = NewsCell.h; sourceTree = "<group>"; };
		CE53F179137A640A00C1A811 /* NewsCell.m */ = {isa = PBXFileReference; fileEncoding = 4; lastKnownFileType = sourcecode.c.objc; path = NewsCell.m; sourceTree = "<group>"; };
		CE53F17A137A640A00C1A811 /* NewsCell.xib */ = {isa = PBXFileReference; fileEncoding = 4; lastKnownFileType = file.xib; path = NewsCell.xib; sourceTree = "<group>"; };
		CE53F17B137A640A00C1A811 /* NewsDetailViewController.h */ = {isa = PBXFileReference; fileEncoding = 4; lastKnownFileType = sourcecode.c.h; path = NewsDetailViewController.h; sourceTree = "<group>"; };
		CE53F17C137A640A00C1A811 /* NewsDetailViewController.m */ = {isa = PBXFileReference; fileEncoding = 4; lastKnownFileType = sourcecode.c.objc; path = NewsDetailViewController.m; sourceTree = "<group>"; };
		CE53F17D137A640A00C1A811 /* NewsDetailViewController.xib */ = {isa = PBXFileReference; fileEncoding = 4; lastKnownFileType = file.xib; path = NewsDetailViewController.xib; sourceTree = "<group>"; };
		CE53F18C137A9AAD00C1A811 /* UIHTTPImageView.h */ = {isa = PBXFileReference; fileEncoding = 4; lastKnownFileType = sourcecode.c.h; path = UIHTTPImageView.h; sourceTree = "<group>"; };
		CE53F18D137A9AAF00C1A811 /* UIHTTPImageView.m */ = {isa = PBXFileReference; fileEncoding = 4; lastKnownFileType = sourcecode.c.objc; path = UIHTTPImageView.m; sourceTree = "<group>"; };
/* End PBXFileReference section */

/* Begin PBXFrameworksBuildPhase section */
		CE53F04E137A206500C1A811 /* Frameworks */ = {
			isa = PBXFrameworksBuildPhase;
			buildActionMask = 2147483647;
			files = (
				CE53F0BF137A217D00C1A811 /* libz.1.2.3.dylib in Frameworks */,
				CE53F0BD137A216700C1A811 /* MobileCoreServices.framework in Frameworks */,
				CE53F0BB137A215A00C1A811 /* CFNetwork.framework in Frameworks */,
				CE53F0B9137A215100C1A811 /* SystemConfiguration.framework in Frameworks */,
				CE53F056137A206500C1A811 /* UIKit.framework in Frameworks */,
				CE53F058137A206500C1A811 /* Foundation.framework in Frameworks */,
				CE53F05A137A206500C1A811 /* CoreGraphics.framework in Frameworks */,
				CE53F05C137A206500C1A811 /* CoreData.framework in Frameworks */,
			);
			runOnlyForDeploymentPostprocessing = 0;
		};
/* End PBXFrameworksBuildPhase section */

/* Begin PBXGroup section */
		CE53F046137A206500C1A811 = {
			isa = PBXGroup;
			children = (
				CE53F0F2137A24CE00C1A811 /* Resources */,
				CE53F05D137A206500C1A811 /* Simple */,
				CE53F054137A206500C1A811 /* Frameworks */,
				CE53F052137A206500C1A811 /* Products */,
			);
			sourceTree = "<group>";
		};
		CE53F052137A206500C1A811 /* Products */ = {
			isa = PBXGroup;
			children = (
				CE53F051137A206500C1A811 /* Simple.app */,
			);
			name = Products;
			sourceTree = "<group>";
		};
		CE53F054137A206500C1A811 /* Frameworks */ = {
			isa = PBXGroup;
			children = (
				CE53F0BE137A217D00C1A811 /* libz.1.2.3.dylib */,
				CE53F0B8137A215100C1A811 /* SystemConfiguration.framework */,
				CE53F0BA137A215A00C1A811 /* CFNetwork.framework */,
				CE53F0BC137A216700C1A811 /* MobileCoreServices.framework */,
				CE53F055137A206500C1A811 /* UIKit.framework */,
				CE53F057137A206500C1A811 /* Foundation.framework */,
				CE53F059137A206500C1A811 /* CoreGraphics.framework */,
				CE53F05B137A206500C1A811 /* CoreData.framework */,
			);
			name = Frameworks;
			sourceTree = "<group>";
		};
		CE53F05D137A206500C1A811 /* Simple */ = {
			isa = PBXGroup;
			children = (
				CE53F174137A640900C1A811 /* Music */,
				CE53F122137A24EA00C1A811 /* Home */,
				CE53F12F137A25AA00C1A811 /* Events */,
				CE53F128137A252900C1A811 /* Model */,
				CE53F084137A20DF00C1A811 /* ASIClass */,
				CE53F09B137A20DF00C1A811 /* Json */,
				CE53F066137A206500C1A811 /* SimpleAppDelegate.h */,
				CE53F067137A206500C1A811 /* SimpleAppDelegate.m */,
				CE53F06C137A206500C1A811 /* Simple.xcdatamodeld */,
				CE53F05E137A206500C1A811 /* Supporting Files */,
			);
			path = Simple;
			sourceTree = "<group>";
		};
		CE53F05E137A206500C1A811 /* Supporting Files */ = {
			isa = PBXGroup;
			children = (
				CE53F05F137A206500C1A811 /* Simple-Info.plist */,
				CE53F060137A206500C1A811 /* InfoPlist.strings */,
				CE53F063137A206500C1A811 /* Simple-Prefix.pch */,
				CE53F064137A206500C1A811 /* main.m */,
			);
			name = "Supporting Files";
			sourceTree = "<group>";
		};
		CE53F084137A20DF00C1A811 /* ASIClass */ = {
			isa = PBXGroup;
			children = (
				CE53F085137A20DF00C1A811 /* ASIAuthenticationDialog.h */,
				CE53F086137A20DF00C1A811 /* ASIAuthenticationDialog.m */,
				CE53F087137A20DF00C1A811 /* ASICacheDelegate.h */,
				CE53F088137A20DF00C1A811 /* ASIDataCompressor.h */,
				CE53F089137A20DF00C1A811 /* ASIDataCompressor.m */,
				CE53F08A137A20DF00C1A811 /* ASIDataDecompressor.h */,
				CE53F08B137A20DF00C1A811 /* ASIDataDecompressor.m */,
				CE53F08C137A20DF00C1A811 /* ASIDownloadCache.h */,
				CE53F08D137A20DF00C1A811 /* ASIDownloadCache.m */,
				CE53F08E137A20DF00C1A811 /* ASIFormDataRequest.h */,
				CE53F08F137A20DF00C1A811 /* ASIFormDataRequest.m */,
				CE53F090137A20DF00C1A811 /* ASIHTTPRequest.h */,
				CE53F091137A20DF00C1A811 /* ASIHTTPRequest.m */,
				CE53F092137A20DF00C1A811 /* ASIHTTPRequestConfig.h */,
				CE53F093137A20DF00C1A811 /* ASIHTTPRequestDelegate.h */,
				CE53F094137A20DF00C1A811 /* ASIInputStream.h */,
				CE53F095137A20DF00C1A811 /* ASIInputStream.m */,
				CE53F096137A20DF00C1A811 /* ASINetworkQueue.h */,
				CE53F097137A20DF00C1A811 /* ASINetworkQueue.m */,
				CE53F098137A20DF00C1A811 /* ASIProgressDelegate.h */,
				CE53F099137A20DF00C1A811 /* Reachability.h */,
				CE53F09A137A20DF00C1A811 /* Reachability.m */,
			);
			path = ASIClass;
			sourceTree = "<group>";
		};
		CE53F09B137A20DF00C1A811 /* Json */ = {
			isa = PBXGroup;
			children = (
				CE53F09C137A20DF00C1A811 /* JSON.h */,
				CE53F09D137A20DF00C1A811 /* NSObject+SBJSON.h */,
				CE53F09E137A20DF00C1A811 /* NSObject+SBJSON.m */,
				CE53F09F137A20DF00C1A811 /* NSString+SBJSON.h */,
				CE53F0A0137A20DF00C1A811 /* NSString+SBJSON.m */,
				CE53F0A1137A20DF00C1A811 /* SBJSON.h */,
				CE53F0A2137A20DF00C1A811 /* SBJSON.m */,
				CE53F0A3137A20DF00C1A811 /* SBJsonBase.h */,
				CE53F0A4137A20DF00C1A811 /* SBJsonBase.m */,
				CE53F0A5137A20DF00C1A811 /* SBJsonParser.h */,
				CE53F0A6137A20DF00C1A811 /* SBJsonParser.m */,
				CE53F0A7137A20DF00C1A811 /* SBJsonWriter.h */,
				CE53F0A8137A20DF00C1A811 /* SBJsonWriter.m */,
			);
			path = Json;
			sourceTree = "<group>";
		};
		CE53F0F2137A24CE00C1A811 /* Resources */ = {
			isa = PBXGroup;
			children = (
				CE53F069137A206500C1A811 /* MainWindow.xib */,
				CE53F0F3137A24CE00C1A811 /* images */,
			);
			path = Resources;
			sourceTree = "<group>";
		};
		CE53F0F3137A24CE00C1A811 /* images */ = {
			isa = PBXGroup;
			children = (
				CE53F151137A36B100C1A811 /* CMT_iPhone_001.png */,
				CE53F152137A36B200C1A811 /* CMT_iPhone_002.png */,
				CE53F153137A36B300C1A811 /* CMT_iPhone_003.png */,
				CE53F154137A36B500C1A811 /* CMT_iPhone_004.png */,
				CE53F155137A36B600C1A811 /* CMT_iPhone_005.png */,
				CE53F156137A36B700C1A811 /* CMT_iPhone_006.png */,
				CE53F157137A36B800C1A811 /* CMT_iPhone_007.png */,
				CE53F158137A36BA00C1A811 /* CMT_iPhone_008.png */,
				CE53F159137A36BA00C1A811 /* CMT_iPhone_009.png */,
				CE53F15A137A36BB00C1A811 /* CMT_iPhone_010.png */,
				CE53F15B137A36BC00C1A811 /* CMT_iPhone_011.png */,
				CE53F15C137A36BC00C1A811 /* CMT_iPhone_012.png */,
				CE53F15D137A36BD00C1A811 /* CMT_iPhone_013.png */,
				CE53F15E137A36BE00C1A811 /* CMT_iPhone_014.png */,
				CE53F15F137A36BF00C1A811 /* CMT_iPhone_015.png */,
				CE53F0F4137A24CE00C1A811 /* 1.png */,
				CE53F0F5137A24CE00C1A811 /* 2.png */,
				CE53F0F6137A24CE00C1A811 /* 3.png */,
				CE53F0F7137A24CE00C1A811 /* 4.png */,
				CE53F0F8137A24CE00C1A811 /* 5.png */,
				CE53F0F9137A24CE00C1A811 /* a1.png */,
				CE53F0FA137A24CE00C1A811 /* a2.png */,
				CE53F0FB137A24CE00C1A811 /* a3.png */,
				CE53F0FC137A24CE00C1A811 /* a4.png */,
				CE53F0FD137A24CE00C1A811 /* a5.png */,
				CE53F0FE137A24CE00C1A811 /* a6.png */,
				CE53F0FF137A24CE00C1A811 /* a7.png */,
				CE53F100137A24CE00C1A811 /* background.png */,
				CE53F101137A24CE00C1A811 /* chat_next_page_over.png */,
				CE53F102137A24CE00C1A811 /* enter.png */,
				CE53F103137A24CE00C1A811 /* gamebg.png */,
				CE53F104137A24CE00C1A811 /* hand_more.png */,
				CE53F105137A24CE00C1A811 /* icon.png */,
				CE53F106137A24CE00C1A811 /* info.png */,
				CE53F107137A24CE00C1A811 /* iphone-icon.png */,
				CE53F108137A24CE00C1A811 /* iphone-tests-icon.png */,
				CE53F109137A24CE00C1A811 /* menu_home.png */,
				CE53F10A137A24CE00C1A811 /* narrow_select.9.png */,
			);
			path = images;
			sourceTree = "<group>";
		};
		CE53F122137A24EA00C1A811 /* Home */ = {
			isa = PBXGroup;
			children = (
				CE53F123137A24EA00C1A811 /* HomeRootViewController.h */,
				CE53F124137A24EA00C1A811 /* HomeRootViewController.m */,
				CE53F172137A639600C1A811 /* HomeRootViewController.xib */,
			);
			path = Home;
			sourceTree = "<group>";
		};
		CE53F128137A252900C1A811 /* Model */ = {
			isa = PBXGroup;
			children = (
				CE53F129137A252900C1A811 /* Article.h */,
				CE53F12A137A252900C1A811 /* Article.m */,
				CE53F12B137A252900C1A811 /* News.h */,
				CE53F12C137A252900C1A811 /* News.m */,
			);
			path = Model;
			sourceTree = "<group>";
		};
		CE53F12F137A25AA00C1A811 /* Events */ = {
			isa = PBXGroup;
			children = (
				CE53F130137A25AA00C1A811 /* CustomCell.h */,
				CE53F131137A25AA00C1A811 /* CustomCell.m */,
				CE53F132137A25AA00C1A811 /* CustomCell.xib */,
				CE53F133137A25AA00C1A811 /* EventsDetailsViewController.h */,
				CE53F134137A25AA00C1A811 /* EventsDetailsViewController.m */,
				CE53F135137A25AA00C1A811 /* EventsDetailsViewController.xib */,
				CE53F136137A25AA00C1A811 /* EventsDetailViewController.h */,
				CE53F137137A25AA00C1A811 /* EventsDetailViewController.m */,
				CE53F138137A25AA00C1A811 /* EventsDetailViewController.xib */,
				CE53F139137A25AA00C1A811 /* EventsRootViewController.h */,
				CE53F13A137A25AA00C1A811 /* EventsRootViewController.m */,
				CE53F13B137A25AA00C1A811 /* EventsRootViewController.xib */,
				CE53F13C137A25AA00C1A811 /* MyScrollViewViewController.h */,
				CE53F13D137A25AA00C1A811 /* MyScrollViewViewController.m */,
				CE53F13E137A25AA00C1A811 /* MyScrollViewViewController.xib */,
			);
			path = Events;
			sourceTree = "<group>";
		};
		CE53F174137A640900C1A811 /* Music */ = {
			isa = PBXGroup;
			children = (
				CE53F175137A640A00C1A811 /* MusicRootViewController.h */,
				CE53F176137A640A00C1A811 /* MusicRootViewController.m */,
				CE53F177137A640A00C1A811 /* MusicRootViewController.xib */,
				CE53F178137A640A00C1A811 /* NewsCell.h */,
				CE53F179137A640A00C1A811 /* NewsCell.m */,
				CE53F17A137A640A00C1A811 /* NewsCell.xib */,
				CE53F17B137A640A00C1A811 /* NewsDetailViewController.h */,
				CE53F17C137A640A00C1A811 /* NewsDetailViewController.m */,
				CE53F17D137A640A00C1A811 /* NewsDetailViewController.xib */,
				CE53F18C137A9AAD00C1A811 /* UIHTTPImageView.h */,
				CE53F18D137A9AAF00C1A811 /* UIHTTPImageView.m */,
			);
			path = Music;
			sourceTree = "<group>";
		};
/* End PBXGroup section */

/* Begin PBXNativeTarget section */
		CE53F050137A206500C1A811 /* Simple */ = {
			isa = PBXNativeTarget;
			buildConfigurationList = CE53F071137A206500C1A811 /* Build configuration list for PBXNativeTarget "Simple" */;
			buildPhases = (
				CE53F04D137A206500C1A811 /* Sources */,
				CE53F04E137A206500C1A811 /* Frameworks */,
				CE53F04F137A206500C1A811 /* Resources */,
			);
			buildRules = (
			);
			dependencies = (
			);
			name = Simple;
			productName = Simple;
			productReference = CE53F051137A206500C1A811 /* Simple.app */;
			productType = "com.apple.product-type.application";
		};
/* End PBXNativeTarget section */

/* Begin PBXProject section */
		CE53F048137A206500C1A811 /* Project object */ = {
			isa = PBXProject;
			buildConfigurationList = CE53F04B137A206500C1A811 /* Build configuration list for PBXProject "Simple" */;
			compatibilityVersion = "Xcode 3.2";
			developmentRegion = English;
			hasScannedForEncodings = 0;
			knownRegions = (
				en,
			);
			mainGroup = CE53F046137A206500C1A811;
			productRefGroup = CE53F052137A206500C1A811 /* Products */;
			projectDirPath = "";
			projectRoot = "";
			targets = (
				CE53F050137A206500C1A811 /* Simple */,
			);
		};
/* End PBXProject section */

/* Begin PBXResourcesBuildPhase section */
		CE53F04F137A206500C1A811 /* Resources */ = {
			isa = PBXResourcesBuildPhase;
			buildActionMask = 2147483647;
			files = (
				CE53F062137A206500C1A811 /* InfoPlist.strings in Resources */,
				CE53F06B137A206500C1A811 /* MainWindow.xib in Resources */,
				CE53F10B137A24CE00C1A811 /* 1.png in Resources */,
				CE53F10C137A24CE00C1A811 /* 2.png in Resources */,
				CE53F10D137A24CE00C1A811 /* 3.png in Resources */,
				CE53F10E137A24CE00C1A811 /* 4.png in Resources */,
				CE53F10F137A24CE00C1A811 /* 5.png in Resources */,
				CE53F110137A24CE00C1A811 /* a1.png in Resources */,
				CE53F111137A24CE00C1A811 /* a2.png in Resources */,
				CE53F112137A24CE00C1A811 /* a3.png in Resources */,
				CE53F113137A24CE00C1A811 /* a4.png in Resources */,
				CE53F114137A24CE00C1A811 /* a5.png in Resources */,
				CE53F115137A24CE00C1A811 /* a6.png in Resources */,
				CE53F116137A24CE00C1A811 /* a7.png in Resources */,
				CE53F117137A24CE00C1A811 /* background.png in Resources */,
				CE53F118137A24CE00C1A811 /* chat_next_page_over.png in Resources */,
				CE53F119137A24CE00C1A811 /* enter.png in Resources */,
				CE53F11A137A24CE00C1A811 /* gamebg.png in Resources */,
				CE53F11B137A24CE00C1A811 /* hand_more.png in Resources */,
				CE53F11C137A24CE00C1A811 /* icon.png in Resources */,
				CE53F11D137A24CE00C1A811 /* info.png in Resources */,
				CE53F11E137A24CE00C1A811 /* iphone-icon.png in Resources */,
				CE53F11F137A24CE00C1A811 /* iphone-tests-icon.png in Resources */,
				CE53F120137A24CE00C1A811 /* menu_home.png in Resources */,
				CE53F121137A24CE00C1A811 /* narrow_select.9.png in Resources */,
				CE53F140137A25AA00C1A811 /* CustomCell.xib in Resources */,
				CE53F142137A25AA00C1A811 /* EventsDetailsViewController.xib in Resources */,
				CE53F144137A25AA00C1A811 /* EventsDetailViewController.xib in Resources */,
				CE53F146137A25AA00C1A811 /* EventsRootViewController.xib in Resources */,
				CE53F148137A25AA00C1A811 /* MyScrollViewViewController.xib in Resources */,
				CE53F160137A36BF00C1A811 /* CMT_iPhone_001.png in Resources */,
				CE53F161137A36BF00C1A811 /* CMT_iPhone_002.png in Resources */,
				CE53F162137A36BF00C1A811 /* CMT_iPhone_003.png in Resources */,
				CE53F163137A36BF00C1A811 /* CMT_iPhone_004.png in Resources */,
				CE53F164137A36BF00C1A811 /* CMT_iPhone_005.png in Resources */,
				CE53F165137A36BF00C1A811 /* CMT_iPhone_006.png in Resources */,
				CE53F166137A36BF00C1A811 /* CMT_iPhone_007.png in Resources */,
				CE53F167137A36BF00C1A811 /* CMT_iPhone_008.png in Resources */,
				CE53F168137A36BF00C1A811 /* CMT_iPhone_009.png in Resources */,
				CE53F169137A36BF00C1A811 /* CMT_iPhone_010.png in Resources */,
				CE53F16A137A36BF00C1A811 /* CMT_iPhone_011.png in Resources */,
				CE53F16B137A36BF00C1A811 /* CMT_iPhone_012.png in Resources */,
				CE53F16C137A36BF00C1A811 /* CMT_iPhone_013.png in Resources */,
				CE53F16D137A36BF00C1A811 /* CMT_iPhone_014.png in Resources */,
				CE53F16E137A36BF00C1A811 /* CMT_iPhone_015.png in Resources */,
				CE53F173137A639600C1A811 /* HomeRootViewController.xib in Resources */,
				CE53F17F137A640A00C1A811 /* MusicRootViewController.xib in Resources */,
				CE53F181137A640A00C1A811 /* NewsCell.xib in Resources */,
				CE53F183137A640A00C1A811 /* NewsDetailViewController.xib in Resources */,
			);
			runOnlyForDeploymentPostprocessing = 0;
		};
/* End PBXResourcesBuildPhase section */

/* Begin PBXSourcesBuildPhase section */
		CE53F04D137A206500C1A811 /* Sources */ = {
			isa = PBXSourcesBuildPhase;
			buildActionMask = 2147483647;
			files = (
				CE53F065137A206500C1A811 /* main.m in Sources */,
				CE53F068137A206500C1A811 /* SimpleAppDelegate.m in Sources */,
				CE53F06E137A206500C1A811 /* Simple.xcdatamodeld in Sources */,
				CE53F0A9137A20DF00C1A811 /* ASIAuthenticationDialog.m in Sources */,
				CE53F0AA137A20DF00C1A811 /* ASIDataCompressor.m in Sources */,
				CE53F0AB137A20DF00C1A811 /* ASIDataDecompressor.m in Sources */,
				CE53F0AC137A20DF00C1A811 /* ASIDownloadCache.m in Sources */,
				CE53F0AD137A20DF00C1A811 /* ASIFormDataRequest.m in Sources */,
				CE53F0AE137A20DF00C1A811 /* ASIHTTPRequest.m in Sources */,
				CE53F0AF137A20DF00C1A811 /* ASIInputStream.m in Sources */,
				CE53F0B0137A20DF00C1A811 /* ASINetworkQueue.m in Sources */,
				CE53F0B1137A20DF00C1A811 /* Reachability.m in Sources */,
				CE53F0B2137A20DF00C1A811 /* NSObject+SBJSON.m in Sources */,
				CE53F0B3137A20DF00C1A811 /* NSString+SBJSON.m in Sources */,
				CE53F0B4137A20DF00C1A811 /* SBJSON.m in Sources */,
				CE53F0B5137A20DF00C1A811 /* SBJsonBase.m in Sources */,
				CE53F0B6137A20DF00C1A811 /* SBJsonParser.m in Sources */,
				CE53F0B7137A20DF00C1A811 /* SBJsonWriter.m in Sources */,
				CE53F126137A24EA00C1A811 /* HomeRootViewController.m in Sources */,
				CE53F12D137A252900C1A811 /* Article.m in Sources */,
				CE53F12E137A252900C1A811 /* News.m in Sources */,
				CE53F13F137A25AA00C1A811 /* CustomCell.m in Sources */,
				CE53F141137A25AA00C1A811 /* EventsDetailsViewController.m in Sources */,
				CE53F143137A25AA00C1A811 /* EventsDetailViewController.m in Sources */,
				CE53F145137A25AA00C1A811 /* EventsRootViewController.m in Sources */,
				CE53F147137A25AA00C1A811 /* MyScrollViewViewController.m in Sources */,
				CE53F17E137A640A00C1A811 /* MusicRootViewController.m in Sources */,
				CE53F180137A640A00C1A811 /* NewsCell.m in Sources */,
				CE53F182137A640A00C1A811 /* NewsDetailViewController.m in Sources */,
				CE53F18E137A9AB100C1A811 /* UIHTTPImageView.m in Sources */,
			);
			runOnlyForDeploymentPostprocessing = 0;
		};
/* End PBXSourcesBuildPhase section */

/* Begin PBXVariantGroup section */
		CE53F060137A206500C1A811 /* InfoPlist.strings */ = {
			isa = PBXVariantGroup;
			children = (
				CE53F061137A206500C1A811 /* en */,
			);
			name = InfoPlist.strings;
			sourceTree = "<group>";
		};
		CE53F069137A206500C1A811 /* MainWindow.xib */ = {
			isa = PBXVariantGroup;
			children = (
				CE53F06A137A206500C1A811 /* en */,
			);
			name = MainWindow.xib;
			path = ../Simple;
			sourceTree = "<group>";
		};
/* End PBXVariantGroup section */

/* Begin XCBuildConfiguration section */
		CE53F06F137A206500C1A811 /* Debug */ = {
			isa = XCBuildConfiguration;
			buildSettings = {
				ARCHS = "$(ARCHS_STANDARD_32_BIT)";
				"CODE_SIGN_IDENTITY[sdk=iphoneos*]" = "iPhone Developer";
				GCC_C_LANGUAGE_STANDARD = gnu99;
				GCC_OPTIMIZATION_LEVEL = 0;
				GCC_PREPROCESSOR_DEFINITIONS = DEBUG;
				GCC_SYMBOLS_PRIVATE_EXTERN = NO;
				GCC_VERSION = com.apple.compilers.llvmgcc42;
				GCC_WARN_ABOUT_RETURN_TYPE = YES;
				GCC_WARN_UNUSED_VARIABLE = YES;
				IPHONEOS_DEPLOYMENT_TARGET = 4.3;
				SDKROOT = iphoneos;
			};
			name = Debug;
		};
		CE53F070137A206500C1A811 /* Release */ = {
			isa = XCBuildConfiguration;
			buildSettings = {
				ARCHS = "$(ARCHS_STANDARD_32_BIT)";
				"CODE_SIGN_IDENTITY[sdk=iphoneos*]" = "iPhone Developer";
				GCC_C_LANGUAGE_STANDARD = gnu99;
				GCC_VERSION = com.apple.compilers.llvmgcc42;
				GCC_WARN_ABOUT_RETURN_TYPE = YES;
				GCC_WARN_UNUSED_VARIABLE = YES;
				IPHONEOS_DEPLOYMENT_TARGET = 4.3;
				OTHER_CFLAGS = "-DNS_BLOCK_ASSERTIONS=1";
				SDKROOT = iphoneos;
			};
			name = Release;
		};
		CE53F072137A206500C1A811 /* Debug */ = {
			isa = XCBuildConfiguration;
			buildSettings = {
				ALWAYS_SEARCH_USER_PATHS = NO;
				COPY_PHASE_STRIP = NO;
				GCC_DYNAMIC_NO_PIC = NO;
				GCC_PRECOMPILE_PREFIX_HEADER = YES;
				GCC_PREFIX_HEADER = "Simple/Simple-Prefix.pch";
				INFOPLIST_FILE = "Simple/Simple-Info.plist";
				PRODUCT_NAME = "$(TARGET_NAME)";
				WRAPPER_EXTENSION = app;
			};
			name = Debug;
		};
		CE53F073137A206500C1A811 /* Release */ = {
			isa = XCBuildConfiguration;
			buildSettings = {
				ALWAYS_SEARCH_USER_PATHS = NO;
				COPY_PHASE_STRIP = YES;
				GCC_PRECOMPILE_PREFIX_HEADER = YES;
				GCC_PREFIX_HEADER = "Simple/Simple-Prefix.pch";
				INFOPLIST_FILE = "Simple/Simple-Info.plist";
				PRODUCT_NAME = "$(TARGET_NAME)";
				VALIDATE_PRODUCT = YES;
				WRAPPER_EXTENSION = app;
			};
			name = Release;
		};
/* End XCBuildConfiguration section */

/* Begin XCConfigurationList section */
		CE53F04B137A206500C1A811 /* Build configuration list for PBXProject "Simple" */ = {
			isa = XCConfigurationList;
			buildConfigurations = (
				CE53F06F137A206500C1A811 /* Debug */,
				CE53F070137A206500C1A811 /* Release */,
			);
			defaultConfigurationIsVisible = 0;
			defaultConfigurationName = Release;
		};
		CE53F071137A206500C1A811 /* Build configuration list for PBXNativeTarget "Simple" */ = {
			isa = XCConfigurationList;
			buildConfigurations = (
				CE53F072137A206500C1A811 /* Debug */,
				CE53F073137A206500C1A811 /* Release */,
			);
			defaultConfigurationIsVisible = 0;
		};
/* End XCConfigurationList section */

/* Begin XCVersionGroup section */
		CE53F06C137A206500C1A811 /* Simple.xcdatamodeld */ = {
			isa = XCVersionGroup;
			children = (
				CE53F06D137A206500C1A811 /* Simple.xcdatamodel */,
			);
			currentVersion = CE53F06D137A206500C1A811 /* Simple.xcdatamodel */;
			path = Simple.xcdatamodeld;
			sourceTree = "<group>";
			versionGroupType = wrapper.xcdatamodel;
		};
/* End XCVersionGroup section */
	};
	rootObject = CE53F048137A206500C1A811 /* Project object */;
}
